{
  "name": "executioner",
  "lockfileVersion": 2,
  "requires": true,
  "packages": {
    "": {
      "dependencies": {
        "read-last-lines": "^1.8.0",
        "synchronized-promise": "^0.3.1",
        "ws": "file:ws-8.6.0.tgz"
      },
      "devDependencies": {
        "filecompare": "^1.0.4"
      }
    },
    "node_modules/any-promise": {
      "version": "1.3.0",
      "resolved": "https://registry.npmjs.org/any-promise/-/any-promise-1.3.0.tgz",
      "integrity": "sha512-7UvmKalWRt1wgjL1RrGxoSJW/0QZFIegpeGvZG9kjp8vrRu55XTHbwnqq2GpXm9uLbcuhxm3IqX9OB4MZR1b2A=="
    },
    "node_modules/bindings": {
      "version": "1.5.0",
      "resolved": "https://registry.npmjs.org/bindings/-/bindings-1.5.0.tgz",
      "integrity": "sha512-p2q/t/mhvuOj/UeLlV6566GD/guowlr0hHxClI0W9m7MWYkL1F0hLo+0Aexs9HSPCtR1SXQ0TD3MMKrXZajbiQ==",
      "dependencies": {
        "file-uri-to-path": "1.0.0"
      }
    },
    "node_modules/deasync": {
      "version": "0.1.26",
      "resolved": "https://registry.npmjs.org/deasync/-/deasync-0.1.26.tgz",
      "integrity": "sha512-YKw0BmJSWxkjtQsbgn6Q9CHSWB7DKMen8vKrgyC006zy0UZ6nWyGidB0IzZgqkVRkOglAeUaFtiRTeLyel72bg==",
      "hasInstallScript": true,
      "dependencies": {
        "bindings": "^1.5.0",
        "node-addon-api": "^1.7.1"
      },
      "engines": {
        "node": ">=0.11.0"
      }
    },
    "node_modules/file-uri-to-path": {
      "version": "1.0.0",
      "resolved": "https://registry.npmjs.org/file-uri-to-path/-/file-uri-to-path-1.0.0.tgz",
      "integrity": "sha512-0Zt+s3L7Vf1biwWZ29aARiVYLx7iMGnEUl9x33fbB/j3jR81u/O2LbqK+Bm1CDSNDKVtJ/YjwY7TUd5SkeLQLw=="
    },
    "node_modules/filecompare": {
      "version": "1.0.4",
      "resolved": "https://registry.npmjs.org/filecompare/-/filecompare-1.0.4.tgz",
      "integrity": "sha512-Kfqx1EcX+zuixN8jEs52y50mz6XmfZG3msRJx7rFXj4T3oY7SBBHMYimrg8DZJdP2ab1asOMp0mqZlxezbor3w==",
      "dev": true,
      "dependencies": {
        "minimist": "^1.2.0"
      },
      "bin": {
        "filecompare": "bin/filecompare"
      }
    },
    "node_modules/minimist": {
      "version": "1.2.6",
      "resolved": "https://registry.npmjs.org/minimist/-/minimist-1.2.6.tgz",
      "integrity": "sha512-Jsjnk4bw3YJqYzbdyBiNsPWHPfO++UGG749Cxs6peCu5Xg4nrena6OVxOYxrQTqww0Jmwt+Ref8rggumkTLz9Q==",
      "dev": true
    },
    "node_modules/mz": {
      "version": "2.7.0",
      "resolved": "https://registry.npmjs.org/mz/-/mz-2.7.0.tgz",
      "integrity": "sha512-z81GNO7nnYMEhrGh9LeymoE4+Yr0Wn5McHIZMK5cfQCl+NDX08sCZgUc9/6MHni9IWuFLm1Z3HTCXu2z9fN62Q==",
      "dependencies": {
        "any-promise": "^1.0.0",
        "object-assign": "^4.0.1",
        "thenify-all": "^1.0.0"
      }
    },
    "node_modules/node-addon-api": {
      "version": "1.7.2",
      "resolved": "https://registry.npmjs.org/node-addon-api/-/node-addon-api-1.7.2.tgz",
      "integrity": "sha512-ibPK3iA+vaY1eEjESkQkM0BbCqFOaZMiXRTtdB0u7b4djtY6JnsjvPdUHVMg6xQt3B8fpTTWHI9A+ADjM9frzg=="
    },
    "node_modules/object-assign": {
      "version": "4.1.1",
      "resolved": "https://registry.npmjs.org/object-assign/-/object-assign-4.1.1.tgz",
      "integrity": "sha1-IQmtx5ZYh8/AXLvUQsrIv7s2CGM=",
      "engines": {
        "node": ">=0.10.0"
      }
    },
    "node_modules/read-last-lines": {
      "version": "1.8.0",
      "resolved": "https://registry.npmjs.org/read-last-lines/-/read-last-lines-1.8.0.tgz",
      "integrity": "sha512-oPL0cnZkhsO2xF7DBrdzVhXSNajPP5TzzCim/2IAjeGb17ArLLTRriI/ceV6Rook3L27mvbrOvLlf9xYYnaftQ==",
      "dependencies": {
        "mz": "^2.7.0"
      }
    },
    "node_modules/synchronized-promise": {
      "version": "0.3.1",
      "resolved": "https://registry.npmjs.org/synchronized-promise/-/synchronized-promise-0.3.1.tgz",
      "integrity": "sha512-Iy+JzrERSUrwpOHUDku8HHIddk8V6iLG9bPIzboP2i5RYkn2eSmRB8waSaX7Rc/+DUUsnFsoOHrmniwOp9BOgw==",
      "dependencies": {
        "deasync": "^0.1.15"
      },
      "engines": {
        "node": ">=4.2.0"
      }
    },
    "node_modules/thenify": {
      "version": "3.3.1",
      "resolved": "https://registry.npmjs.org/thenify/-/thenify-3.3.1.tgz",
      "integrity": "sha512-RVZSIV5IG10Hk3enotrhvz0T9em6cyHBLkH/YAZuKqd8hRkKhSfCGIcP2KUY0EPxndzANBmNllzWPwak+bheSw==",
      "dependencies": {
        "any-promise": "^1.0.0"
      }
    },
    "node_modules/thenify-all": {
      "version": "1.6.0",
      "resolved": "https://registry.npmjs.org/thenify-all/-/thenify-all-1.6.0.tgz",
      "integrity": "sha1-GhkY1ALY/D+Y+/I02wvMjMEOlyY=",
      "dependencies": {
        "thenify": ">= 3.1.0 < 4"
      },
      "engines": {
        "node": ">=0.8"
      }
    },
    "node_modules/ws": {
      "version": "8.6.0",
      "resolved": "file:ws-8.6.0.tgz",
      "integrity": "sha512-AzmM3aH3gk0aX7/rZLYvjdvZooofDu3fFOzGqcSnQ1tOcTWwhM/o+q++E8mAyVVIyUdajrkzWUGftaVSDLn1bw==",
      "license": "MIT",
      "engines": {
        "node": ">=10.0.0"
      },
      "peerDependencies": {
        "bufferutil": "^4.0.1",
        "utf-8-validate": "^5.0.2"
      },
      "peerDependenciesMeta": {
        "bufferutil": {
          "optional": true
        },
        "utf-8-validate": {
          "optional": true
        }
      }
    }
  },
  "dependencies": {
    "any-promise": {
      "version": "1.3.0",
      "resolved": "https://registry.npmjs.org/any-promise/-/any-promise-1.3.0.tgz",
      "integrity": "sha512-7UvmKalWRt1wgjL1RrGxoSJW/0QZFIegpeGvZG9kjp8vrRu55XTHbwnqq2GpXm9uLbcuhxm3IqX9OB4MZR1b2A=="
    },
    "bindings": {
      "version": "1.5.0",
      "resolved": "https://registry.npmjs.org/bindings/-/bindings-1.5.0.tgz",
      "integrity": "sha512-p2q/t/mhvuOj/UeLlV6566GD/guowlr0hHxClI0W9m7MWYkL1F0hLo+0Aexs9HSPCtR1SXQ0TD3MMKrXZajbiQ==",
      "requires": {
        "file-uri-to-path": "1.0.0"
      }
    },
    "deasync": {
      "version": "0.1.26",
      "resolved": "https://registry.npmjs.org/deasync/-/deasync-0.1.26.tgz",
      "integrity": "sha512-YKw0BmJSWxkjtQsbgn6Q9CHSWB7DKMen8vKrgyC006zy0UZ6nWyGidB0IzZgqkVRkOglAeUaFtiRTeLyel72bg==",
      "requires": {
        "bindings": "^1.5.0",
        "node-addon-api": "^1.7.1"
      }
    },
    "file-uri-to-path": {
      "version": "1.0.0",
      "resolved": "https://registry.npmjs.org/file-uri-to-path/-/file-uri-to-path-1.0.0.tgz",
      "integrity": "sha512-0Zt+s3L7Vf1biwWZ29aARiVYLx7iMGnEUl9x33fbB/j3jR81u/O2LbqK+Bm1CDSNDKVtJ/YjwY7TUd5SkeLQLw=="
    },
    "filecompare": {
      "version": "1.0.4",
      "resolved": "https://registry.npmjs.org/filecompare/-/filecompare-1.0.4.tgz",
      "integrity": "sha512-Kfqx1EcX+zuixN8jEs52y50mz6XmfZG3msRJx7rFXj4T3oY7SBBHMYimrg8DZJdP2ab1asOMp0mqZlxezbor3w==",
      "dev": true,
      "requires": {
        "minimist": "^1.2.0"
      }
    },
    "minimist": {
      "version": "1.2.6",
      "resolved": "https://registry.npmjs.org/minimist/-/minimist-1.2.6.tgz",
      "integrity": "sha512-Jsjnk4bw3YJqYzbdyBiNsPWHPfO++UGG749Cxs6peCu5Xg4nrena6OVxOYxrQTqww0Jmwt+Ref8rggumkTLz9Q==",
      "dev": true
    },
    "mz": {
      "version": "2.7.0",
      "resolved": "https://registry.npmjs.org/mz/-/mz-2.7.0.tgz",
      "integrity": "sha512-z81GNO7nnYMEhrGh9LeymoE4+Yr0Wn5McHIZMK5cfQCl+NDX08sCZgUc9/6MHni9IWuFLm1Z3HTCXu2z9fN62Q==",
      "requires": {
        "any-promise": "^1.0.0",
        "object-assign": "^4.0.1",
        "thenify-all": "^1.0.0"
      }
    },
    "node-addon-api": {
      "version": "1.7.2",
      "resolved": "https://registry.npmjs.org/node-addon-api/-/node-addon-api-1.7.2.tgz",
      "integrity": "sha512-ibPK3iA+vaY1eEjESkQkM0BbCqFOaZMiXRTtdB0u7b4djtY6JnsjvPdUHVMg6xQt3B8fpTTWHI9A+ADjM9frzg=="
    },
    "object-assign": {
      "version": "4.1.1",
      "resolved": "https://registry.npmjs.org/object-assign/-/object-assign-4.1.1.tgz",
      "integrity": "sha1-IQmtx5ZYh8/AXLvUQsrIv7s2CGM="
    },
    "read-last-lines": {
      "version": "1.8.0",
      "resolved": "https://registry.npmjs.org/read-last-lines/-/read-last-lines-1.8.0.tgz",
      "integrity": "sha512-oPL0cnZkhsO2xF7DBrdzVhXSNajPP5TzzCim/2IAjeGb17ArLLTRriI/ceV6Rook3L27mvbrOvLlf9xYYnaftQ==",
      "requires": {
        "mz": "^2.7.0"
      }
    },
    "synchronized-promise": {
      "version": "0.3.1",
      "resolved": "https://registry.npmjs.org/synchronized-promise/-/synchronized-promise-0.3.1.tgz",
      "integrity": "sha512-Iy+JzrERSUrwpOHUDku8HHIddk8V6iLG9bPIzboP2i5RYkn2eSmRB8waSaX7Rc/+DUUsnFsoOHrmniwOp9BOgw==",
      "requires": {
        "deasync": "^0.1.15"
      }
    },
    "thenify": {
      "version": "3.3.1",
      "resolved": "https://registry.npmjs.org/thenify/-/thenify-3.3.1.tgz",
      "integrity": "sha512-RVZSIV5IG10Hk3enotrhvz0T9em6cyHBLkH/YAZuKqd8hRkKhSfCGIcP2KUY0EPxndzANBmNllzWPwak+bheSw==",
      "requires": {
        "any-promise": "^1.0.0"
      }
    },
    "thenify-all": {
      "version": "1.6.0",
      "resolved": "https://registry.npmjs.org/thenify-all/-/thenify-all-1.6.0.tgz",
      "integrity": "sha1-GhkY1ALY/D+Y+/I02wvMjMEOlyY=",
      "requires": {
        "thenify": ">= 3.1.0 < 4"
      }
    },
    "ws": {
      "version": "file:ws-8.6.0.tgz",
      "integrity": "sha512-AzmM3aH3gk0aX7/rZLYvjdvZooofDu3fFOzGqcSnQ1tOcTWwhM/o+q++E8mAyVVIyUdajrkzWUGftaVSDLn1bw==",
      "requires": {}
    }
  }
}
